
Microsoft Visual Studio Solution File, Format Version 12.00
# Visual Studio Version 17
VisualStudioVersion = 17.0.32112.339
MinimumVisualStudioVersion = 10.0.40219.1
Project("{FAE04EC0-301F-11D3-BF4B-00C04F79EFBC}") = "6", "6.csproj", "{A221F2D0-1CE6-4574-8F56-68007F681686}"
EndProject
Global
	GlobalSection(SolutionConfigurationPlatforms) = preSolution
		Debug|Any CPU = Debug|Any CPU
		Release|Any CPU = Release|Any CPU
	EndGlobalSection
	GlobalSection(ProjectConfigurationPlatforms) = postSolution
		{A221F2D0-1CE6-4574-8F56-68007F681686}.Debug|Any CPU.ActiveCfg = Debug|Any CPU
		{A221F2D0-1CE6-4574-8F56-68007F681686}.Debug|Any CPU.Build.0 = Debug|Any CPU
		{A221F2D0-1CE6-4574-8F56-68007F681686}.Release|Any CPU.ActiveCfg = Release|Any CPU
		{A221F2D0-1CE6-4574-8F56-68007F681686}.Release|Any CPU.Build.0 = Release|Any CPU
	EndGlobalSection
	GlobalSection(SolutionProperties) = preSolution
		HideSolutionNode = FALSE
	EndGlobalSection
	GlobalSection(ExtensibilityGlobals) = postSolution
		SolutionGuid = {DE1F9D8E-E61B-4BFD-B5B6-BC532C22102F}
	EndGlobalSection
EndGlobal
